
Microsoft Visual Studio Solution File, Format Version 12.00
# Visual Studio Version 17
VisualStudioVersion = 17.14.37216.2 d17.14
MinimumVisualStudioVersion = 10.0.40219.1
Project("{888888A0-9F3D-457C-B088-3A5042F75D52}") = "FakeDetector", "FakeDetector\FakeDetector.pyproj", "{7057E8B5-2839-4D22-95C8-E8F2E2E23A8A}"
EndProject
Global
	GlobalSection(SolutionConfigurationPlatforms) = preSolution
		Debug|Any CPU = Debug|Any CPU
		Release|Any CPU = Release|Any CPU
	EndGlobalSection
	GlobalSection(ProjectConfigurationPlatforms) = postSolution
		{7057E8B5-2839-4D22-95C8-E8F2E2E23A8A}.Debug|Any CPU.ActiveCfg = Debug|Any CPU
		{7057E8B5-2839-4D22-95C8-E8F2E2E23A8A}.Release|Any CPU.ActiveCfg = Release|Any CPU
	EndGlobalSection
	GlobalSection(SolutionProperties) = preSolution
		HideSolutionNode = FALSE
	EndGlobalSection
	GlobalSection(ExtensibilityGlobals) = postSolution
		SolutionGuid = {BCE033BC-989F-4537-A523-1B80B570A8C2}
	EndGlobalSection
EndGlobal
